
Microsoft Visual Studio Solution File, Format Version 12.00
# Visual Studio Version 17
VisualStudioVersion = 17.0.31903.59
MinimumVisualStudioVersion = 10.0.40219.1
Project("{2150E333-8FDC-42A3-9474-1A3956D46DE8}") = "src", "src", "{827E0CD3-B72D-47B6-A68D-7590B98EB39B}"
EndProject
Project("{FAE04EC0-301F-11D3-BF4B-00C04F79EFBC}") = "VirtualAssistant.Core", "src\VirtualAssistant.Core\VirtualAssistant.Core.csproj", "{A0FB63D2-ADBD-4454-977F-4F9700274383}"
EndProject
Project("{FAE04EC0-301F-11D3-BF4B-00C04F79EFBC}") = "VirtualAssistant.Service", "src\VirtualAssistant.Service\VirtualAssistant.Service.csproj", "{6BC84DAC-4D22-453B-B5B6-A112CAB77204}"
EndProject
Project("{FAE04EC0-301F-11D3-BF4B-00C04F79EFBC}") = "VirtualAssistant.Agent", "src\VirtualAssistant.Agent\VirtualAssistant.Agent.csproj", "{488B77A8-3679-4A99-A576-FE3D808042C2}"
EndProject
Project("{FAE04EC0-301F-11D3-BF4B-00C04F79EFBC}") = "VirtualAssistant.Api", "src\VirtualAssistant.Api\VirtualAssistant.Api.csproj", "{830A63C3-63AB-42D3-B4E8-5BBB94798475}"
EndProject
Project("{FAE04EC0-301F-11D3-BF4B-00C04F79EFBC}") = "VirtualAssistant.Voice", "src\VirtualAssistant.Voice\VirtualAssistant.Voice.csproj", "{71F0516A-44E5-400F-A46A-5EF2D40DF4A1}"
EndProject
Project("{FAE04EC0-301F-11D3-BF4B-00C04F79EFBC}") = "VirtualAssistant.Desktop", "src\VirtualAssistant.Desktop\VirtualAssistant.Desktop.csproj", "{511F1311-1839-4FF8-ABE7-3723AE797DE7}"
EndProject
Project("{FAE04EC0-301F-11D3-BF4B-00C04F79EFBC}") = "VirtualAssistant.Plugins", "src\VirtualAssistant.Plugins\VirtualAssistant.Plugins.csproj", "{BC24F874-601C-483D-A894-2E71640DC150}"
EndProject
Project("{2150E333-8FDC-42A3-9474-1A3956D46DE8}") = "tests", "tests", "{0AB3BF05-4346-4AA6-1389-037BE0695223}"
EndProject
Project("{FAE04EC0-301F-11D3-BF4B-00C04F79EFBC}") = "VirtualAssistant.Core.Tests", "tests\VirtualAssistant.Core.Tests\VirtualAssistant.Core.Tests.csproj", "{10724EEC-E638-4764-A501-6A70B4989C86}"
EndProject
Project("{FAE04EC0-301F-11D3-BF4B-00C04F79EFBC}") = "VirtualAssistant.Service.Tests", "tests\VirtualAssistant.Service.Tests\VirtualAssistant.Service.Tests.csproj", "{197ECC81-F18A-4E43-BA34-48B7E03831F4}"
EndProject
Project("{FAE04EC0-301F-11D3-BF4B-00C04F79EFBC}") = "VirtualAssistant.Agent.Tests", "tests\VirtualAssistant.Agent.Tests\VirtualAssistant.Agent.Tests.csproj", "{80E1E57A-D030-4BB8-A3CD-D62F7EBE7190}"
EndProject
Project("{FAE04EC0-301F-11D3-BF4B-00C04F79EFBC}") = "VirtualAssistant.Api.Tests", "tests\VirtualAssistant.Api.Tests\VirtualAssistant.Api.Tests.csproj", "{98F1C407-9F37-4DD8-9376-269029768A49}"
EndProject
Project("{FAE04EC0-301F-11D3-BF4B-00C04F79EFBC}") = "VirtualAssistant.Voice.Tests", "tests\VirtualAssistant.Voice.Tests\VirtualAssistant.Voice.Tests.csproj", "{831A599F-BEDA-48C8-9C9D-CFF01BC150F5}"
EndProject
Project("{FAE04EC0-301F-11D3-BF4B-00C04F79EFBC}") = "VirtualAssistant.Desktop.Tests", "tests\VirtualAssistant.Desktop.Tests\VirtualAssistant.Desktop.Tests.csproj", "{1FBAC65F-44B7-452D-AB99-A19705C5E698}"
EndProject
Project("{FAE04EC0-301F-11D3-BF4B-00C04F79EFBC}") = "VirtualAssistant.Plugins.Tests", "tests\VirtualAssistant.Plugins.Tests\VirtualAssistant.Plugins.Tests.csproj", "{DB9CC778-E32A-4EE0-B63B-1C92F8118F60}"
EndProject
Project("{FAE04EC0-301F-11D3-BF4B-00C04F79EFBC}") = "VirtualAssistant.Tray", "src\VirtualAssistant.Tray\VirtualAssistant.Tray.csproj", "{38EB5C5C-F2FD-4E14-ACB8-77F75C1A1010}"
EndProject
Project("{FAE04EC0-301F-11D3-BF4B-00C04F79EFBC}") = "VirtualAssistant.PushToTalk", "src\VirtualAssistant.PushToTalk\VirtualAssistant.PushToTalk.csproj", "{15F90A90-8D04-45DC-ADE8-D6BB53B18EBB}"
EndProject
Project("{FAE04EC0-301F-11D3-BF4B-00C04F79EFBC}") = "VirtualAssistant.PushToTalk.Service", "src\VirtualAssistant.PushToTalk.Service\VirtualAssistant.PushToTalk.Service.csproj", "{D7A26C21-10A8-423E-AB57-C0C85A5867D7}"
EndProject
Project("{FAE04EC0-301F-11D3-BF4B-00C04F79EFBC}") = "VirtualAssistant.PushToTalk.Tests", "tests\VirtualAssistant.PushToTalk.Tests\VirtualAssistant.PushToTalk.Tests.csproj", "{C97E99D3-9637-4D8A-B453-F10B906BB32D}"
EndProject
Project("{FAE04EC0-301F-11D3-BF4B-00C04F79EFBC}") = "VirtualAssistant.PushToTalk.Service.Tests", "tests\VirtualAssistant.PushToTalk.Service.Tests\VirtualAssistant.PushToTalk.Service.Tests.csproj", "{F70F59F5-76A5-4F2A-8C02-7A33049F7149}"
EndProject
Project("{FAE04EC0-301F-11D3-BF4B-00C04F79EFBC}") = "VirtualAssistant.Data", "src\VirtualAssistant.Data\VirtualAssistant.Data.csproj", "{323A19B5-1F93-4BA9-9FFF-3D9CB5F49A11}"
EndProject
Project("{FAE04EC0-301F-11D3-BF4B-00C04F79EFBC}") = "Data.Cqrs.Common", "..\Data\src\Data.Cqrs.Common\Data.Cqrs.Common.csproj", "{E8536CC1-FB0D-49F5-939E-B15AE860DE44}"
EndProject
Project("{FAE04EC0-301F-11D3-BF4B-00C04F79EFBC}") = "Data.Entities.Abstractions", "..\Data\src\Data.Entities.Abstractions\Data.Entities.Abstractions.csproj", "{CDEE632D-9DED-43F8-B679-C4A8C88BED80}"
EndProject
Project("{FAE04EC0-301F-11D3-BF4B-00C04F79EFBC}") = "VirtualAssistant.Data.EntityFrameworkCore", "src\VirtualAssistant.Data.EntityFrameworkCore\VirtualAssistant.Data.EntityFrameworkCore.csproj", "{F738D6EA-FB9A-42FB-8600-475A9D02C54F}"
EndProject
Project("{FAE04EC0-301F-11D3-BF4B-00C04F79EFBC}") = "Data.Cqrs.EntityFrameworkCore", "..\Data\src\Data.Cqrs.EntityFrameworkCore\Data.Cqrs.EntityFrameworkCore.csproj", "{D54B8F8F-228E-433B-8555-095E1D2C4F80}"
EndProject
Project("{FAE04EC0-301F-11D3-BF4B-00C04F79EFBC}") = "VirtualAssistant.Data.EntityFrameworkCore.Tests", "tests\VirtualAssistant.Data.EntityFrameworkCore.Tests\VirtualAssistant.Data.EntityFrameworkCore.Tests.csproj", "{67F76EA4-9671-47F0-9CB5-A382A3AAE655}"
EndProject
Global
	GlobalSection(SolutionConfigurationPlatforms) = preSolution
		Debug|Any CPU = Debug|Any CPU
		Debug|x64 = Debug|x64
		Debug|x86 = Debug|x86
		Release|Any CPU = Release|Any CPU
		Release|x64 = Release|x64
		Release|x86 = Release|x86
	EndGlobalSection
	GlobalSection(ProjectConfigurationPlatforms) = postSolution
		{A0FB63D2-ADBD-4454-977F-4F9700274383}.Debug|Any CPU.ActiveCfg = Debug|Any CPU
		{A0FB63D2-ADBD-4454-977F-4F9700274383}.Debug|Any CPU.Build.0 = Debug|Any CPU
		{A0FB63D2-ADBD-4454-977F-4F9700274383}.Debug|x64.ActiveCfg = Debug|Any CPU
		{A0FB63D2-ADBD-4454-977F-4F9700274383}.Debug|x64.Build.0 = Debug|Any CPU
		{A0FB63D2-ADBD-4454-977F-4F9700274383}.Debug|x86.ActiveCfg = Debug|Any CPU
		{A0FB63D2-ADBD-4454-977F-4F9700274383}.Debug|x86.Build.0 = Debug|Any CPU
		{A0FB63D2-ADBD-4454-977F-4F9700274383}.Release|Any CPU.ActiveCfg = Release|Any CPU
		{A0FB63D2-ADBD-4454-977F-4F9700274383}.Release|Any CPU.Build.0 = Release|Any CPU
		{A0FB63D2-ADBD-4454-977F-4F9700274383}.Release|x64.ActiveCfg = Release|Any CPU
		{A0FB63D2-ADBD-4454-977F-4F9700274383}.Release|x64.Build.0 = Release|Any CPU
		{A0FB63D2-ADBD-4454-977F-4F9700274383}.Release|x86.ActiveCfg = Release|Any CPU
		{A0FB63D2-ADBD-4454-977F-4F9700274383}.Release|x86.Build.0 = Release|Any CPU
		{6BC84DAC-4D22-453B-B5B6-A112CAB77204}.Debug|Any CPU.ActiveCfg = Debug|Any CPU
		{6BC84DAC-4D22-453B-B5B6-A112CAB77204}.Debug|Any CPU.Build.0 = Debug|Any CPU
		{6BC84DAC-4D22-453B-B5B6-A112CAB77204}.Debug|x64.ActiveCfg = Debug|Any CPU
		{6BC84DAC-4D22-453B-B5B6-A112CAB77204}.Debug|x64.Build.0 = Debug|Any CPU
		{6BC84DAC-4D22-453B-B5B6-A112CAB77204}.Debug|x86.ActiveCfg = Debug|Any CPU
		{6BC84DAC-4D22-453B-B5B6-A112CAB77204}.Debug|x86.Build.0 = Debug|Any CPU
		{6BC84DAC-4D22-453B-B5B6-A112CAB77204}.Release|Any CPU.ActiveCfg = Release|Any CPU
		{6BC84DAC-4D22-453B-B5B6-A112CAB77204}.Release|Any CPU.Build.0 = Release|Any CPU
		{6BC84DAC-4D22-453B-B5B6-A112CAB77204}.Release|x64.ActiveCfg = Release|Any CPU
		{6BC84DAC-4D22-453B-B5B6-A112CAB77204}.Release|x64.Build.0 = Release|Any CPU
		{6BC84DAC-4D22-453B-B5B6-A112CAB77204}.Release|x86.ActiveCfg = Release|Any CPU
		{6BC84DAC-4D22-453B-B5B6-A112CAB77204}.Release|x86.Build.0 = Release|Any CPU
		{488B77A8-3679-4A99-A576-FE3D808042C2}.Debug|Any CPU.ActiveCfg = Debug|Any CPU
		{488B77A8-3679-4A99-A576-FE3D808042C2}.Debug|Any CPU.Build.0 = Debug|Any CPU
		{488B77A8-3679-4A99-A576-FE3D808042C2}.Debug|x64.ActiveCfg = Debug|Any CPU
		{488B77A8-3679-4A99-A576-FE3D808042C2}.Debug|x64.Build.0 = Debug|Any CPU
		{488B77A8-3679-4A99-A576-FE3D808042C2}.Debug|x86.ActiveCfg = Debug|Any CPU
		{488B77A8-3679-4A99-A576-FE3D808042C2}.Debug|x86.Build.0 = Debug|Any CPU
		{488B77A8-3679-4A99-A576-FE3D808042C2}.Release|Any CPU.ActiveCfg = Release|Any CPU
		{488B77A8-3679-4A99-A576-FE3D808042C2}.Release|Any CPU.Build.0 = Release|Any CPU
		{488B77A8-3679-4A99-A576-FE3D808042C2}.Release|x64.ActiveCfg = Release|Any CPU
		{488B77A8-3679-4A99-A576-FE3D808042C2}.Release|x64.Build.0 = Release|Any CPU
		{488B77A8-3679-4A99-A576-FE3D808042C2}.Release|x86.ActiveCfg = Release|Any CPU
		{488B77A8-3679-4A99-A576-FE3D808042C2}.Release|x86.Build.0 = Release|Any CPU
		{830A63C3-63AB-42D3-B4E8-5BBB94798475}.Debug|Any CPU.ActiveCfg = Debug|Any CPU
		{830A63C3-63AB-42D3-B4E8-5BBB94798475}.Debug|Any CPU.Build.0 = Debug|Any CPU
		{830A63C3-63AB-42D3-B4E8-5BBB94798475}.Debug|x64.ActiveCfg = Debug|Any CPU
		{830A63C3-63AB-42D3-B4E8-5BBB94798475}.Debug|x64.Build.0 = Debug|Any CPU
		{830A63C3-63AB-42D3-B4E8-5BBB94798475}.Debug|x86.ActiveCfg = Debug|Any CPU
		{830A63C3-63AB-42D3-B4E8-5BBB94798475}.Debug|x86.Build.0 = Debug|Any CPU
		{830A63C3-63AB-42D3-B4E8-5BBB94798475}.Release|Any CPU.ActiveCfg = Release|Any CPU
		{830A63C3-63AB-42D3-B4E8-5BBB94798475}.Release|Any CPU.Build.0 = Release|Any CPU
		{830A63C3-63AB-42D3-B4E8-5BBB94798475}.Release|x64.ActiveCfg = Release|Any CPU
		{830A63C3-63AB-42D3-B4E8-5BBB94798475}.Release|x64.Build.0 = Release|Any CPU
		{830A63C3-63AB-42D3-B4E8-5BBB94798475}.Release|x86.ActiveCfg = Release|Any CPU
		{830A63C3-63AB-42D3-B4E8-5BBB94798475}.Release|x86.Build.0 = Release|Any CPU
		{71F0516A-44E5-400F-A46A-5EF2D40DF4A1}.Debug|Any CPU.ActiveCfg = Debug|Any CPU
		{71F0516A-44E5-400F-A46A-5EF2D40DF4A1}.Debug|Any CPU.Build.0 = Debug|Any CPU
		{71F0516A-44E5-400F-A46A-5EF2D40DF4A1}.Debug|x64.ActiveCfg = Debug|Any CPU
		{71F0516A-44E5-400F-A46A-5EF2D40DF4A1}.Debug|x64.Build.0 = Debug|Any CPU
		{71F0516A-44E5-400F-A46A-5EF2D40DF4A1}.Debug|x86.ActiveCfg = Debug|Any CPU
		{71F0516A-44E5-400F-A46A-5EF2D40DF4A1}.Debug|x86.Build.0 = Debug|Any CPU
		{71F0516A-44E5-400F-A46A-5EF2D40DF4A1}.Release|Any CPU.ActiveCfg = Release|Any CPU
		{71F0516A-44E5-400F-A46A-5EF2D40DF4A1}.Release|Any CPU.Build.0 = Release|Any CPU
		{71F0516A-44E5-400F-A46A-5EF2D40DF4A1}.Release|x64.ActiveCfg = Release|Any CPU
		{71F0516A-44E5-400F-A46A-5EF2D40DF4A1}.Release|x64.Build.0 = Release|Any CPU
		{71F0516A-44E5-400F-A46A-5EF2D40DF4A1}.Release|x86.ActiveCfg = Release|Any CPU
		{71F0516A-44E5-400F-A46A-5EF2D40DF4A1}.Release|x86.Build.0 = Release|Any CPU
		{511F1311-1839-4FF8-ABE7-3723AE797DE7}.Debug|Any CPU.ActiveCfg = Debug|Any CPU
		{511F1311-1839-4FF8-ABE7-3723AE797DE7}.Debug|Any CPU.Build.0 = Debug|Any CPU
		{511F1311-1839-4FF8-ABE7-3723AE797DE7}.Debug|x64.ActiveCfg = Debug|Any CPU
		{511F1311-1839-4FF8-ABE7-3723AE797DE7}.Debug|x64.Build.0 = Debug|Any CPU
		{511F1311-1839-4FF8-ABE7-3723AE797DE7}.Debug|x86.ActiveCfg = Debug|Any CPU
		{511F1311-1839-4FF8-ABE7-3723AE797DE7}.Debug|x86.Build.0 = Debug|Any CPU
		{511F1311-1839-4FF8-ABE7-3723AE797DE7}.Release|Any CPU.ActiveCfg = Release|Any CPU
		{511F1311-1839-4FF8-ABE7-3723AE797DE7}.Release|Any CPU.Build.0 = Release|Any CPU
		{511F1311-1839-4FF8-ABE7-3723AE797DE7}.Release|x64.ActiveCfg = Release|Any CPU
		{511F1311-1839-4FF8-ABE7-3723AE797DE7}.Release|x64.Build.0 = Release|Any CPU
		{511F1311-1839-4FF8-ABE7-3723AE797DE7}.Release|x86.ActiveCfg = Release|Any CPU
		{511F1311-1839-4FF8-ABE7-3723AE797DE7}.Release|x86.Build.0 = Release|Any CPU
		{BC24F874-601C-483D-A894-2E71640DC150}.Debug|Any CPU.ActiveCfg = Debug|Any CPU
		{BC24F874-601C-483D-A894-2E71640DC150}.Debug|Any CPU.Build.0 = Debug|Any CPU
		{BC24F874-601C-483D-A894-2E71640DC150}.Debug|x64.ActiveCfg = Debug|Any CPU
		{BC24F874-601C-483D-A894-2E71640DC150}.Debug|x64.Build.0 = Debug|Any CPU
		{BC24F874-601C-483D-A894-2E71640DC150}.Debug|x86.ActiveCfg = Debug|Any CPU
		{BC24F874-601C-483D-A894-2E71640DC150}.Debug|x86.Build.0 = Debug|Any CPU
		{BC24F874-601C-483D-A894-2E71640DC150}.Release|Any CPU.ActiveCfg = Release|Any CPU
		{BC24F874-601C-483D-A894-2E71640DC150}.Release|Any CPU.Build.0 = Release|Any CPU
		{BC24F874-601C-483D-A894-2E71640DC150}.Release|x64.ActiveCfg = Release|Any CPU
		{BC24F874-601C-483D-A894-2E71640DC150}.Release|x64.Build.0 = Release|Any CPU
		{BC24F874-601C-483D-A894-2E71640DC150}.Release|x86.ActiveCfg = Release|Any CPU
		{BC24F874-601C-483D-A894-2E71640DC150}.Release|x86.Build.0 = Release|Any CPU
		{10724EEC-E638-4764-A501-6A70B4989C86}.Debug|Any CPU.ActiveCfg = Debug|Any CPU
		{10724EEC-E638-4764-A501-6A70B4989C86}.Debug|Any CPU.Build.0 = Debug|Any CPU
		{10724EEC-E638-4764-A501-6A70B4989C86}.Debug|x64.ActiveCfg = Debug|Any CPU
		{10724EEC-E638-4764-A501-6A70B4989C86}.Debug|x64.Build.0 = Debug|Any CPU
		{10724EEC-E638-4764-A501-6A70B4989C86}.Debug|x86.ActiveCfg = Debug|Any CPU
		{10724EEC-E638-4764-A501-6A70B4989C86}.Debug|x86.Build.0 = Debug|Any CPU
		{10724EEC-E638-4764-A501-6A70B4989C86}.Release|Any CPU.ActiveCfg = Release|Any CPU
		{10724EEC-E638-4764-A501-6A70B4989C86}.Release|Any CPU.Build.0 = Release|Any CPU
		{10724EEC-E638-4764-A501-6A70B4989C86}.Release|x64.ActiveCfg = Release|Any CPU
		{10724EEC-E638-4764-A501-6A70B4989C86}.Release|x64.Build.0 = Release|Any CPU
		{10724EEC-E638-4764-A501-6A70B4989C86}.Release|x86.ActiveCfg = Release|Any CPU
		{10724EEC-E638-4764-A501-6A70B4989C86}.Release|x86.Build.0 = Release|Any CPU
		{197ECC81-F18A-4E43-BA34-48B7E03831F4}.Debug|Any CPU.ActiveCfg = Debug|Any CPU
		{197ECC81-F18A-4E43-BA34-48B7E03831F4}.Debug|Any CPU.Build.0 = Debug|Any CPU
		{197ECC81-F18A-4E43-BA34-48B7E03831F4}.Debug|x64.ActiveCfg = Debug|Any CPU
		{197ECC81-F18A-4E43-BA34-48B7E03831F4}.Debug|x64.Build.0 = Debug|Any CPU
		{197ECC81-F18A-4E43-BA34-48B7E03831F4}.Debug|x86.ActiveCfg = Debug|Any CPU
		{197ECC81-F18A-4E43-BA34-48B7E03831F4}.Debug|x86.Build.0 = Debug|Any CPU
		{197ECC81-F18A-4E43-BA34-48B7E03831F4}.Release|Any CPU.ActiveCfg = Release|Any CPU
		{197ECC81-F18A-4E43-BA34-48B7E03831F4}.Release|Any CPU.Build.0 = Release|Any CPU
		{197ECC81-F18A-4E43-BA34-48B7E03831F4}.Release|x64.ActiveCfg = Release|Any CPU
		{197ECC81-F18A-4E43-BA34-48B7E03831F4}.Release|x64.Build.0 = Release|Any CPU
		{197ECC81-F18A-4E43-BA34-48B7E03831F4}.Release|x86.ActiveCfg = Release|Any CPU
		{197ECC81-F18A-4E43-BA34-48B7E03831F4}.Release|x86.Build.0 = Release|Any CPU
		{80E1E57A-D030-4BB8-A3CD-D62F7EBE7190}.Debug|Any CPU.ActiveCfg = Debug|Any CPU
		{80E1E57A-D030-4BB8-A3CD-D62F7EBE7190}.Debug|Any CPU.Build.0 = Debug|Any CPU
		{80E1E57A-D030-4BB8-A3CD-D62F7EBE7190}.Debug|x64.ActiveCfg = Debug|Any CPU
		{80E1E57A-D030-4BB8-A3CD-D62F7EBE7190}.Debug|x64.Build.0 = Debug|Any CPU
		{80E1E57A-D030-4BB8-A3CD-D62F7EBE7190}.Debug|x86.ActiveCfg = Debug|Any CPU
		{80E1E57A-D030-4BB8-A3CD-D62F7EBE7190}.Debug|x86.Build.0 = Debug|Any CPU
		{80E1E57A-D030-4BB8-A3CD-D62F7EBE7190}.Release|Any CPU.ActiveCfg = Release|Any CPU
		{80E1E57A-D030-4BB8-A3CD-D62F7EBE7190}.Release|Any CPU.Build.0 = Release|Any CPU
		{80E1E57A-D030-4BB8-A3CD-D62F7EBE7190}.Release|x64.ActiveCfg = Release|Any CPU
		{80E1E57A-D030-4BB8-A3CD-D62F7EBE7190}.Release|x64.Build.0 = Release|Any CPU
		{80E1E57A-D030-4BB8-A3CD-D62F7EBE7190}.Release|x86.ActiveCfg = Release|Any CPU
		{80E1E57A-D030-4BB8-A3CD-D62F7EBE7190}.Release|x86.Build.0 = Release|Any CPU
		{98F1C407-9F37-4DD8-9376-269029768A49}.Debug|Any CPU.ActiveCfg = Debug|Any CPU
		{98F1C407-9F37-4DD8-9376-269029768A49}.Debug|Any CPU.Build.0 = Debug|Any CPU
		{98F1C407-9F37-4DD8-9376-269029768A49}.Debug|x64.ActiveCfg = Debug|Any CPU
		{98F1C407-9F37-4DD8-9376-269029768A49}.Debug|x64.Build.0 = Debug|Any CPU
		{98F1C407-9F37-4DD8-9376-269029768A49}.Debug|x86.ActiveCfg = Debug|Any CPU
		{98F1C407-9F37-4DD8-9376-269029768A49}.Debug|x86.Build.0 = Debug|Any CPU
		{98F1C407-9F37-4DD8-9376-269029768A49}.Release|Any CPU.ActiveCfg = Release|Any CPU
		{98F1C407-9F37-4DD8-9376-269029768A49}.Release|Any CPU.Build.0 = Release|Any CPU
		{98F1C407-9F37-4DD8-9376-269029768A49}.Release|x64.ActiveCfg = Release|Any CPU
		{98F1C407-9F37-4DD8-9376-269029768A49}.Release|x64.Build.0 = Release|Any CPU
		{98F1C407-9F37-4DD8-9376-269029768A49}.Release|x86.ActiveCfg = Release|Any CPU
		{98F1C407-9F37-4DD8-9376-269029768A49}.Release|x86.Build.0 = Release|Any CPU
		{831A599F-BEDA-48C8-9C9D-CFF01BC150F5}.Debug|Any CPU.ActiveCfg = Debug|Any CPU
		{831A599F-BEDA-48C8-9C9D-CFF01BC150F5}.Debug|Any CPU.Build.0 = Debug|Any CPU
		{831A599F-BEDA-48C8-9C9D-CFF01BC150F5}.Debug|x64.ActiveCfg = Debug|Any CPU
		{831A599F-BEDA-48C8-9C9D-CFF01BC150F5}.Debug|x64.Build.0 = Debug|Any CPU
		{831A599F-BEDA-48C8-9C9D-CFF01BC150F5}.Debug|x86.ActiveCfg = Debug|Any CPU
		{831A599F-BEDA-48C8-9C9D-CFF01BC150F5}.Debug|x86.Build.0 = Debug|Any CPU
		{831A599F-BEDA-48C8-9C9D-CFF01BC150F5}.Release|Any CPU.ActiveCfg = Release|Any CPU
		{831A599F-BEDA-48C8-9C9D-CFF01BC150F5}.Release|Any CPU.Build.0 = Release|Any CPU
		{831A599F-BEDA-48C8-9C9D-CFF01BC150F5}.Release|x64.ActiveCfg = Release|Any CPU
		{831A599F-BEDA-48C8-9C9D-CFF01BC150F5}.Release|x64.Build.0 = Release|Any CPU
		{831A599F-BEDA-48C8-9C9D-CFF01BC150F5}.Release|x86.ActiveCfg = Release|Any CPU
		{831A599F-BEDA-48C8-9C9D-CFF01BC150F5}.Release|x86.Build.0 = Release|Any CPU
		{1FBAC65F-44B7-452D-AB99-A19705C5E698}.Debug|Any CPU.ActiveCfg = Debug|Any CPU
		{1FBAC65F-44B7-452D-AB99-A19705C5E698}.Debug|Any CPU.Build.0 = Debug|Any CPU
		{1FBAC65F-44B7-452D-AB99-A19705C5E698}.Debug|x64.ActiveCfg = Debug|Any CPU
		{1FBAC65F-44B7-452D-AB99-A19705C5E698}.Debug|x64.Build.0 = Debug|Any CPU
		{1FBAC65F-44B7-452D-AB99-A19705C5E698}.Debug|x86.ActiveCfg = Debug|Any CPU
		{1FBAC65F-44B7-452D-AB99-A19705C5E698}.Debug|x86.Build.0 = Debug|Any CPU
		{1FBAC65F-44B7-452D-AB99-A19705C5E698}.Release|Any CPU.ActiveCfg = Release|Any CPU
		{1FBAC65F-44B7-452D-AB99-A19705C5E698}.Release|Any CPU.Build.0 = Release|Any CPU
		{1FBAC65F-44B7-452D-AB99-A19705C5E698}.Release|x64.ActiveCfg = Release|Any CPU
		{1FBAC65F-44B7-452D-AB99-A19705C5E698}.Release|x64.Build.0 = Release|Any CPU
		{1FBAC65F-44B7-452D-AB99-A19705C5E698}.Release|x86.ActiveCfg = Release|Any CPU
		{1FBAC65F-44B7-452D-AB99-A19705C5E698}.Release|x86.Build.0 = Release|Any CPU
		{DB9CC778-E32A-4EE0-B63B-1C92F8118F60}.Debug|Any CPU.ActiveCfg = Debug|Any CPU
		{DB9CC778-E32A-4EE0-B63B-1C92F8118F60}.Debug|Any CPU.Build.0 = Debug|Any CPU
		{DB9CC778-E32A-4EE0-B63B-1C92F8118F60}.Debug|x64.ActiveCfg = Debug|Any CPU
		{DB9CC778-E32A-4EE0-B63B-1C92F8118F60}.Debug|x64.Build.0 = Debug|Any CPU
		{DB9CC778-E32A-4EE0-B63B-1C92F8118F60}.Debug|x86.ActiveCfg = Debug|Any CPU
		{DB9CC778-E32A-4EE0-B63B-1C92F8118F60}.Debug|x86.Build.0 = Debug|Any CPU
		{DB9CC778-E32A-4EE0-B63B-1C92F8118F60}.Release|Any CPU.ActiveCfg = Release|Any CPU
		{DB9CC778-E32A-4EE0-B63B-1C92F8118F60}.Release|Any CPU.Build.0 = Release|Any CPU
		{DB9CC778-E32A-4EE0-B63B-1C92F8118F60}.Release|x64.ActiveCfg = Release|Any CPU
		{DB9CC778-E32A-4EE0-B63B-1C92F8118F60}.Release|x64.Build.0 = Release|Any CPU
		{DB9CC778-E32A-4EE0-B63B-1C92F8118F60}.Release|x86.ActiveCfg = Release|Any CPU
		{DB9CC778-E32A-4EE0-B63B-1C92F8118F60}.Release|x86.Build.0 = Release|Any CPU
		{38EB5C5C-F2FD-4E14-ACB8-77F75C1A1010}.Debug|Any CPU.ActiveCfg = Debug|Any CPU
		{38EB5C5C-F2FD-4E14-ACB8-77F75C1A1010}.Debug|Any CPU.Build.0 = Debug|Any CPU
		{38EB5C5C-F2FD-4E14-ACB8-77F75C1A1010}.Debug|x64.ActiveCfg = Debug|Any CPU
		{38EB5C5C-F2FD-4E14-ACB8-77F75C1A1010}.Debug|x64.Build.0 = Debug|Any CPU
		{38EB5C5C-F2FD-4E14-ACB8-77F75C1A1010}.Debug|x86.ActiveCfg = Debug|Any CPU
		{38EB5C5C-F2FD-4E14-ACB8-77F75C1A1010}.Debug|x86.Build.0 = Debug|Any CPU
		{38EB5C5C-F2FD-4E14-ACB8-77F75C1A1010}.Release|Any CPU.ActiveCfg = Release|Any CPU
		{38EB5C5C-F2FD-4E14-ACB8-77F75C1A1010}.Release|Any CPU.Build.0 = Release|Any CPU
		{38EB5C5C-F2FD-4E14-ACB8-77F75C1A1010}.Release|x64.ActiveCfg = Release|Any CPU
		{38EB5C5C-F2FD-4E14-ACB8-77F75C1A1010}.Release|x64.Build.0 = Release|Any CPU
		{38EB5C5C-F2FD-4E14-ACB8-77F75C1A1010}.Release|x86.ActiveCfg = Release|Any CPU
		{38EB5C5C-F2FD-4E14-ACB8-77F75C1A1010}.Release|x86.Build.0 = Release|Any CPU
		{15F90A90-8D04-45DC-ADE8-D6BB53B18EBB}.Debug|Any CPU.ActiveCfg = Debug|Any CPU
		{15F90A90-8D04-45DC-ADE8-D6BB53B18EBB}.Debug|Any CPU.Build.0 = Debug|Any CPU
		{15F90A90-8D04-45DC-ADE8-D6BB53B18EBB}.Debug|x64.ActiveCfg = Debug|Any CPU
		{15F90A90-8D04-45DC-ADE8-D6BB53B18EBB}.Debug|x64.Build.0 = Debug|Any CPU
		{15F90A90-8D04-45DC-ADE8-D6BB53B18EBB}.Debug|x86.ActiveCfg = Debug|Any CPU
		{15F90A90-8D04-45DC-ADE8-D6BB53B18EBB}.Debug|x86.Build.0 = Debug|Any CPU
		{15F90A90-8D04-45DC-ADE8-D6BB53B18EBB}.Release|Any CPU.ActiveCfg = Release|Any CPU
		{15F90A90-8D04-45DC-ADE8-D6BB53B18EBB}.Release|Any CPU.Build.0 = Release|Any CPU
		{15F90A90-8D04-45DC-ADE8-D6BB53B18EBB}.Release|x64.ActiveCfg = Release|Any CPU
		{15F90A90-8D04-45DC-ADE8-D6BB53B18EBB}.Release|x64.Build.0 = Release|Any CPU
		{15F90A90-8D04-45DC-ADE8-D6BB53B18EBB}.Release|x86.ActiveCfg = Release|Any CPU
		{15F90A90-8D04-45DC-ADE8-D6BB53B18EBB}.Release|x86.Build.0 = Release|Any CPU
		{D7A26C21-10A8-423E-AB57-C0C85A5867D7}.Debug|Any CPU.ActiveCfg = Debug|Any CPU
		{D7A26C21-10A8-423E-AB57-C0C85A5867D7}.Debug|Any CPU.Build.0 = Debug|Any CPU
		{D7A26C21-10A8-423E-AB57-C0C85A5867D7}.Debug|x64.ActiveCfg = Debug|Any CPU
		{D7A26C21-10A8-423E-AB57-C0C85A5867D7}.Debug|x64.Build.0 = Debug|Any CPU
		{D7A26C21-10A8-423E-AB57-C0C85A5867D7}.Debug|x86.ActiveCfg = Debug|Any CPU
		{D7A26C21-10A8-423E-AB57-C0C85A5867D7}.Debug|x86.Build.0 = Debug|Any CPU
		{D7A26C21-10A8-423E-AB57-C0C85A5867D7}.Release|Any CPU.ActiveCfg = Release|Any CPU
		{D7A26C21-10A8-423E-AB57-C0C85A5867D7}.Release|Any CPU.Build.0 = Release|Any CPU
		{D7A26C21-10A8-423E-AB57-C0C85A5867D7}.Release|x64.ActiveCfg = Release|Any CPU
		{D7A26C21-10A8-423E-AB57-C0C85A5867D7}.Release|x64.Build.0 = Release|Any CPU
		{D7A26C21-10A8-423E-AB57-C0C85A5867D7}.Release|x86.ActiveCfg = Release|Any CPU
		{D7A26C21-10A8-423E-AB57-C0C85A5867D7}.Release|x86.Build.0 = Release|Any CPU
		{C97E99D3-9637-4D8A-B453-F10B906BB32D}.Debug|Any CPU.ActiveCfg = Debug|Any CPU
		{C97E99D3-9637-4D8A-B453-F10B906BB32D}.Debug|Any CPU.Build.0 = Debug|Any CPU
		{C97E99D3-9637-4D8A-B453-F10B906BB32D}.Debug|x64.ActiveCfg = Debug|Any CPU
		{C97E99D3-9637-4D8A-B453-F10B906BB32D}.Debug|x64.Build.0 = Debug|Any CPU
		{C97E99D3-9637-4D8A-B453-F10B906BB32D}.Debug|x86.ActiveCfg = Debug|Any CPU
		{C97E99D3-9637-4D8A-B453-F10B906BB32D}.Debug|x86.Build.0 = Debug|Any CPU
		{C97E99D3-9637-4D8A-B453-F10B906BB32D}.Release|Any CPU.ActiveCfg = Release|Any CPU
		{C97E99D3-9637-4D8A-B453-F10B906BB32D}.Release|Any CPU.Build.0 = Release|Any CPU
		{C97E99D3-9637-4D8A-B453-F10B906BB32D}.Release|x64.ActiveCfg = Release|Any CPU
		{C97E99D3-9637-4D8A-B453-F10B906BB32D}.Release|x64.Build.0 = Release|Any CPU
		{C97E99D3-9637-4D8A-B453-F10B906BB32D}.Release|x86.ActiveCfg = Release|Any CPU
		{C97E99D3-9637-4D8A-B453-F10B906BB32D}.Release|x86.Build.0 = Release|Any CPU
		{F70F59F5-76A5-4F2A-8C02-7A33049F7149}.Debug|Any CPU.ActiveCfg = Debug|Any CPU
		{F70F59F5-76A5-4F2A-8C02-7A33049F7149}.Debug|Any CPU.Build.0 = Debug|Any CPU
		{F70F59F5-76A5-4F2A-8C02-7A33049F7149}.Debug|x64.ActiveCfg = Debug|Any CPU
		{F70F59F5-76A5-4F2A-8C02-7A33049F7149}.Debug|x64.Build.0 = Debug|Any CPU
		{F70F59F5-76A5-4F2A-8C02-7A33049F7149}.Debug|x86.ActiveCfg = Debug|Any CPU
		{F70F59F5-76A5-4F2A-8C02-7A33049F7149}.Debug|x86.Build.0 = Debug|Any CPU
		{F70F59F5-76A5-4F2A-8C02-7A33049F7149}.Release|Any CPU.ActiveCfg = Release|Any CPU
		{F70F59F5-76A5-4F2A-8C02-7A33049F7149}.Release|Any CPU.Build.0 = Release|Any CPU
		{F70F59F5-76A5-4F2A-8C02-7A33049F7149}.Release|x64.ActiveCfg = Release|Any CPU
		{F70F59F5-76A5-4F2A-8C02-7A33049F7149}.Release|x64.Build.0 = Release|Any CPU
		{F70F59F5-76A5-4F2A-8C02-7A33049F7149}.Release|x86.ActiveCfg = Release|Any CPU
		{F70F59F5-76A5-4F2A-8C02-7A33049F7149}.Release|x86.Build.0 = Release|Any CPU
		{323A19B5-1F93-4BA9-9FFF-3D9CB5F49A11}.Debug|Any CPU.ActiveCfg = Debug|Any CPU
		{323A19B5-1F93-4BA9-9FFF-3D9CB5F49A11}.Debug|Any CPU.Build.0 = Debug|Any CPU
		{323A19B5-1F93-4BA9-9FFF-3D9CB5F49A11}.Debug|x64.ActiveCfg = Debug|Any CPU
		{323A19B5-1F93-4BA9-9FFF-3D9CB5F49A11}.Debug|x64.Build.0 = Debug|Any CPU
		{323A19B5-1F93-4BA9-9FFF-3D9CB5F49A11}.Debug|x86.ActiveCfg = Debug|Any CPU
		{323A19B5-1F93-4BA9-9FFF-3D9CB5F49A11}.Debug|x86.Build.0 = Debug|Any CPU
		{323A19B5-1F93-4BA9-9FFF-3D9CB5F49A11}.Release|Any CPU.ActiveCfg = Release|Any CPU
		{323A19B5-1F93-4BA9-9FFF-3D9CB5F49A11}.Release|Any CPU.Build.0 = Release|Any CPU
		{323A19B5-1F93-4BA9-9FFF-3D9CB5F49A11}.Release|x64.ActiveCfg = Release|Any CPU
		{323A19B5-1F93-4BA9-9FFF-3D9CB5F49A11}.Release|x64.Build.0 = Release|Any CPU
		{323A19B5-1F93-4BA9-9FFF-3D9CB5F49A11}.Release|x86.ActiveCfg = Release|Any CPU
		{323A19B5-1F93-4BA9-9FFF-3D9CB5F49A11}.Release|x86.Build.0 = Release|Any CPU
		{E8536CC1-FB0D-49F5-939E-B15AE860DE44}.Debug|Any CPU.ActiveCfg = Debug|Any CPU
		{E8536CC1-FB0D-49F5-939E-B15AE860DE44}.Debug|Any CPU.Build.0 = Debug|Any CPU
		{E8536CC1-FB0D-49F5-939E-B15AE860DE44}.Debug|x64.ActiveCfg = Debug|Any CPU
		{E8536CC1-FB0D-49F5-939E-B15AE860DE44}.Debug|x64.Build.0 = Debug|Any CPU
		{E8536CC1-FB0D-49F5-939E-B15AE860DE44}.Debug|x86.ActiveCfg = Debug|Any CPU
		{E8536CC1-FB0D-49F5-939E-B15AE860DE44}.Debug|x86.Build.0 = Debug|Any CPU
		{E8536CC1-FB0D-49F5-939E-B15AE860DE44}.Release|Any CPU.ActiveCfg = Release|Any CPU
		{E8536CC1-FB0D-49F5-939E-B15AE860DE44}.Release|Any CPU.Build.0 = Release|Any CPU
		{E8536CC1-FB0D-49F5-939E-B15AE860DE44}.Release|x64.ActiveCfg = Release|Any CPU
		{E8536CC1-FB0D-49F5-939E-B15AE860DE44}.Release|x64.Build.0 = Release|Any CPU
		{E8536CC1-FB0D-49F5-939E-B15AE860DE44}.Release|x86.ActiveCfg = Release|Any CPU
		{E8536CC1-FB0D-49F5-939E-B15AE860DE44}.Release|x86.Build.0 = Release|Any CPU
		{CDEE632D-9DED-43F8-B679-C4A8C88BED80}.Debug|Any CPU.ActiveCfg = Debug|Any CPU
		{CDEE632D-9DED-43F8-B679-C4A8C88BED80}.Debug|Any CPU.Build.0 = Debug|Any CPU
		{CDEE632D-9DED-43F8-B679-C4A8C88BED80}.Debug|x64.ActiveCfg = Debug|Any CPU
		{CDEE632D-9DED-43F8-B679-C4A8C88BED80}.Debug|x64.Build.0 = Debug|Any CPU
		{CDEE632D-9DED-43F8-B679-C4A8C88BED80}.Debug|x86.ActiveCfg = Debug|Any CPU
		{CDEE632D-9DED-43F8-B679-C4A8C88BED80}.Debug|x86.Build.0 = Debug|Any CPU
		{CDEE632D-9DED-43F8-B679-C4A8C88BED80}.Release|Any CPU.ActiveCfg = Release|Any CPU
		{CDEE632D-9DED-43F8-B679-C4A8C88BED80}.Release|Any CPU.Build.0 = Release|Any CPU
		{CDEE632D-9DED-43F8-B679-C4A8C88BED80}.Release|x64.ActiveCfg = Release|Any CPU
		{CDEE632D-9DED-43F8-B679-C4A8C88BED80}.Release|x64.Build.0 = Release|Any CPU
		{CDEE632D-9DED-43F8-B679-C4A8C88BED80}.Release|x86.ActiveCfg = Release|Any CPU
		{CDEE632D-9DED-43F8-B679-C4A8C88BED80}.Release|x86.Build.0 = Release|Any CPU
		{F738D6EA-FB9A-42FB-8600-475A9D02C54F}.Debug|Any CPU.ActiveCfg = Debug|Any CPU
		{F738D6EA-FB9A-42FB-8600-475A9D02C54F}.Debug|Any CPU.Build.0 = Debug|Any CPU
		{F738D6EA-FB9A-42FB-8600-475A9D02C54F}.Debug|x64.ActiveCfg = Debug|Any CPU
		{F738D6EA-FB9A-42FB-8600-475A9D02C54F}.Debug|x64.Build.0 = Debug|Any CPU
		{F738D6EA-FB9A-42FB-8600-475A9D02C54F}.Debug|x86.ActiveCfg = Debug|Any CPU
		{F738D6EA-FB9A-42FB-8600-475A9D02C54F}.Debug|x86.Build.0 = Debug|Any CPU
		{F738D6EA-FB9A-42FB-8600-475A9D02C54F}.Release|Any CPU.ActiveCfg = Release|Any CPU
		{F738D6EA-FB9A-42FB-8600-475A9D02C54F}.Release|Any CPU.Build.0 = Release|Any CPU
		{F738D6EA-FB9A-42FB-8600-475A9D02C54F}.Release|x64.ActiveCfg = Release|Any CPU
		{F738D6EA-FB9A-42FB-8600-475A9D02C54F}.Release|x64.Build.0 = Release|Any CPU
		{F738D6EA-FB9A-42FB-8600-475A9D02C54F}.Release|x86.ActiveCfg = Release|Any CPU
		{F738D6EA-FB9A-42FB-8600-475A9D02C54F}.Release|x86.Build.0 = Release|Any CPU
		{D54B8F8F-228E-433B-8555-095E1D2C4F80}.Debug|Any CPU.ActiveCfg = Debug|Any CPU
		{D54B8F8F-228E-433B-8555-095E1D2C4F80}.Debug|Any CPU.Build.0 = Debug|Any CPU
		{D54B8F8F-228E-433B-8555-095E1D2C4F80}.Debug|x64.ActiveCfg = Debug|Any CPU
		{D54B8F8F-228E-433B-8555-095E1D2C4F80}.Debug|x64.Build.0 = Debug|Any CPU
		{D54B8F8F-228E-433B-8555-095E1D2C4F80}.Debug|x86.ActiveCfg = Debug|Any CPU
		{D54B8F8F-228E-433B-8555-095E1D2C4F80}.Debug|x86.Build.0 = Debug|Any CPU
		{D54B8F8F-228E-433B-8555-095E1D2C4F80}.Release|Any CPU.ActiveCfg = Release|Any CPU
		{D54B8F8F-228E-433B-8555-095E1D2C4F80}.Release|Any CPU.Build.0 = Release|Any CPU
		{D54B8F8F-228E-433B-8555-095E1D2C4F80}.Release|x64.ActiveCfg = Release|Any CPU
		{D54B8F8F-228E-433B-8555-095E1D2C4F80}.Release|x64.Build.0 = Release|Any CPU
		{D54B8F8F-228E-433B-8555-095E1D2C4F80}.Release|x86.ActiveCfg = Release|Any CPU
		{D54B8F8F-228E-433B-8555-095E1D2C4F80}.Release|x86.Build.0 = Release|Any CPU
		{67F76EA4-9671-47F0-9CB5-A382A3AAE655}.Debug|Any CPU.ActiveCfg = Debug|Any CPU
		{67F76EA4-9671-47F0-9CB5-A382A3AAE655}.Debug|Any CPU.Build.0 = Debug|Any CPU
		{67F76EA4-9671-47F0-9CB5-A382A3AAE655}.Debug|x64.ActiveCfg = Debug|Any CPU
		{67F76EA4-9671-47F0-9CB5-A382A3AAE655}.Debug|x64.Build.0 = Debug|Any CPU
		{67F76EA4-9671-47F0-9CB5-A382A3AAE655}.Debug|x86.ActiveCfg = Debug|Any CPU
		{67F76EA4-9671-47F0-9CB5-A382A3AAE655}.Debug|x86.Build.0 = Debug|Any CPU
		{67F76EA4-9671-47F0-9CB5-A382A3AAE655}.Release|Any CPU.ActiveCfg = Release|Any CPU
		{67F76EA4-9671-47F0-9CB5-A382A3AAE655}.Release|Any CPU.Build.0 = Release|Any CPU
		{67F76EA4-9671-47F0-9CB5-A382A3AAE655}.Release|x64.ActiveCfg = Release|Any CPU
		{67F76EA4-9671-47F0-9CB5-A382A3AAE655}.Release|x64.Build.0 = Release|Any CPU
		{67F76EA4-9671-47F0-9CB5-A382A3AAE655}.Release|x86.ActiveCfg = Release|Any CPU
		{67F76EA4-9671-47F0-9CB5-A382A3AAE655}.Release|x86.Build.0 = Release|Any CPU
	EndGlobalSection
	GlobalSection(SolutionProperties) = preSolution
		HideSolutionNode = FALSE
	EndGlobalSection
	GlobalSection(NestedProjects) = preSolution
		{A0FB63D2-ADBD-4454-977F-4F9700274383} = {827E0CD3-B72D-47B6-A68D-7590B98EB39B}
		{6BC84DAC-4D22-453B-B5B6-A112CAB77204} = {827E0CD3-B72D-47B6-A68D-7590B98EB39B}
		{488B77A8-3679-4A99-A576-FE3D808042C2} = {827E0CD3-B72D-47B6-A68D-7590B98EB39B}
		{830A63C3-63AB-42D3-B4E8-5BBB94798475} = {827E0CD3-B72D-47B6-A68D-7590B98EB39B}
		{71F0516A-44E5-400F-A46A-5EF2D40DF4A1} = {827E0CD3-B72D-47B6-A68D-7590B98EB39B}
		{511F1311-1839-4FF8-ABE7-3723AE797DE7} = {827E0CD3-B72D-47B6-A68D-7590B98EB39B}
		{BC24F874-601C-483D-A894-2E71640DC150} = {827E0CD3-B72D-47B6-A68D-7590B98EB39B}
		{10724EEC-E638-4764-A501-6A70B4989C86} = {0AB3BF05-4346-4AA6-1389-037BE0695223}
		{197ECC81-F18A-4E43-BA34-48B7E03831F4} = {0AB3BF05-4346-4AA6-1389-037BE0695223}
		{80E1E57A-D030-4BB8-A3CD-D62F7EBE7190} = {0AB3BF05-4346-4AA6-1389-037BE0695223}
		{98F1C407-9F37-4DD8-9376-269029768A49} = {0AB3BF05-4346-4AA6-1389-037BE0695223}
		{831A599F-BEDA-48C8-9C9D-CFF01BC150F5} = {0AB3BF05-4346-4AA6-1389-037BE0695223}
		{1FBAC65F-44B7-452D-AB99-A19705C5E698} = {0AB3BF05-4346-4AA6-1389-037BE0695223}
		{DB9CC778-E32A-4EE0-B63B-1C92F8118F60} = {0AB3BF05-4346-4AA6-1389-037BE0695223}
		{38EB5C5C-F2FD-4E14-ACB8-77F75C1A1010} = {827E0CD3-B72D-47B6-A68D-7590B98EB39B}
		{15F90A90-8D04-45DC-ADE8-D6BB53B18EBB} = {827E0CD3-B72D-47B6-A68D-7590B98EB39B}
		{D7A26C21-10A8-423E-AB57-C0C85A5867D7} = {827E0CD3-B72D-47B6-A68D-7590B98EB39B}
		{C97E99D3-9637-4D8A-B453-F10B906BB32D} = {0AB3BF05-4346-4AA6-1389-037BE0695223}
		{F70F59F5-76A5-4F2A-8C02-7A33049F7149} = {0AB3BF05-4346-4AA6-1389-037BE0695223}
		{323A19B5-1F93-4BA9-9FFF-3D9CB5F49A11} = {827E0CD3-B72D-47B6-A68D-7590B98EB39B}
		{F738D6EA-FB9A-42FB-8600-475A9D02C54F} = {827E0CD3-B72D-47B6-A68D-7590B98EB39B}
		{67F76EA4-9671-47F0-9CB5-A382A3AAE655} = {0AB3BF05-4346-4AA6-1389-037BE0695223}
	EndGlobalSection
EndGlobal
